
Microsoft Visual Studio Solution File, Format Version 12.00
# Visual Studio Version 16
VisualStudioVersion = 16.0.32106.194
MinimumVisualStudioVersion = 10.0.40219.1
Project("{FAE04EC0-301F-11D3-BF4B-00C04F79EFBC}") = "ImageRandom256", "ImageRandom256\ImageRandom256.csproj", "{EEE1DC6C-BEA2-4171-8E65-C93D76E39E37}"
EndProject
Global
	GlobalSection(SolutionConfigurationPlatforms) = preSolution
		Debug|Any CPU = Debug|Any CPU
		Release|Any CPU = Release|Any CPU
	EndGlobalSection
	GlobalSection(ProjectConfigurationPlatforms) = postSolution
		{EEE1DC6C-BEA2-4171-8E65-C93D76E39E37}.Debug|Any CPU.ActiveCfg = Debug|Any CPU
		{EEE1DC6C-BEA2-4171-8E65-C93D76E39E37}.Debug|Any CPU.Build.0 = Debug|Any CPU
		{EEE1DC6C-BEA2-4171-8E65-C93D76E39E37}.Release|Any CPU.ActiveCfg = Release|Any CPU
		{EEE1DC6C-BEA2-4171-8E65-C93D76E39E37}.Release|Any CPU.Build.0 = Release|Any CPU
	EndGlobalSection
	GlobalSection(SolutionProperties) = preSolution
		HideSolutionNode = FALSE
	EndGlobalSection
	GlobalSection(ExtensibilityGlobals) = postSolution
		SolutionGuid = {4EAEDC84-2883-4167-A9E8-38E906D03F24}
	EndGlobalSection
EndGlobal
